
Microsoft Visual Studio Solution File, Format Version 12.00
# Visual Studio 15
Project("{FAE04EC0-301F-11D3-BF4B-00C04F79EFBC}") = "cubingtest", "cubingtest.csproj", "{DC449659-0927-416E-8BC2-9666B6FE54DE}"
EndProject
Global
	GlobalSection(SolutionConfigurationPlatforms) = preSolution
		Debug|Any CPU = Debug|Any CPU
		Release|Any CPU = Release|Any CPU
	EndGlobalSection
	GlobalSection(ProjectConfigurationPlatforms) = postSolution
		{DC449659-0927-416E-8BC2-9666B6FE54DE}.Debug|Any CPU.ActiveCfg = Debug|Any CPU
		{DC449659-0927-416E-8BC2-9666B6FE54DE}.Debug|Any CPU.Build.0 = Debug|Any CPU
		{DC449659-0927-416E-8BC2-9666B6FE54DE}.Release|Any CPU.ActiveCfg = Release|Any CPU
		{DC449659-0927-416E-8BC2-9666B6FE54DE}.Release|Any CPU.Build.0 = Release|Any CPU
	EndGlobalSection
EndGlobal
